{
  "name": "cf-b2-webhook",
  "version": "1.0.0",
  "lockfileVersion": 2,
  "requires": true,
  "packages": {
    "": {
      "name": "cf-b2-webhook",
      "version": "1.0.0",
      "license": "MIT",
      "dependencies": {
        "aws4fetch": "^1.0.13"
      },
      "devDependencies": {
        "prettier": "^1.18.2"
      }
    },
    "node_modules/aws4fetch": {
      "version": "1.0.13",
      "resolved": "https://registry.npmjs.org/aws4fetch/-/aws4fetch-1.0.13.tgz",
      "integrity": "sha512-UTlirJkLtGbJurR9PlL4rOZ9HM1G/1/joWItpVwQ0f7j5Alldd7rfCMcy2kd0l2nDZ4LBdd6cFhrMwsEtazCNw=="
    },
    "node_modules/prettier": {
      "version": "1.19.1",
      "resolved": "https://registry.npmjs.org/prettier/-/prettier-1.19.1.tgz",
      "integrity": "sha512-s7PoyDv/II1ObgQunCbB9PdLmUcBZcnWOcxDh7O0N/UwDEsHyqkW+Qh28jW+mVuCdx7gLB0BotYI1Y6uI9iyew==",
      "dev": true,
      "bin": {
        "prettier": "bin-prettier.js"
      },
      "engines": {
        "node": ">=4"
      }
    }
  },
  "dependencies": {
    "aws4fetch": {
      "version": "1.0.13",
      "resolved": "https://registry.npmjs.org/aws4fetch/-/aws4fetch-1.0.13.tgz",
      "integrity": "sha512-UTlirJkLtGbJurR9PlL4rOZ9HM1G/1/joWItpVwQ0f7j5Alldd7rfCMcy2kd0l2nDZ4LBdd6cFhrMwsEtazCNw=="
    },
    "prettier": {
      "version": "1.19.1",
      "resolved": "https://registry.npmjs.org/prettier/-/prettier-1.19.1.tgz",
      "integrity": "sha512-s7PoyDv/II1ObgQunCbB9PdLmUcBZcnWOcxDh7O0N/UwDEsHyqkW+Qh28jW+mVuCdx7gLB0BotYI1Y6uI9iyew==",
      "dev": true
    }
  }
}
